// !$*UTF8*$!
{
	archiveVersion = 1;
	classes = {
	};
	objectVersion = 55;
	objects = {

/* Begin PBXBuildFile section */
		A12266132740485F00019133 /* ForecastFlightsTests.swift in Sources */ = {isa = PBXBuildFile; fileRef = A12266122740485F00019133 /* ForecastFlightsTests.swift */; };
		A122661B27404F1300019133 /* APIClient.swift in Sources */ = {isa = PBXBuildFile; fileRef = A122661A27404F1300019133 /* APIClient.swift */; };
		A122661D2740502700019133 /* NetworkDispatcher.swift in Sources */ = {isa = PBXBuildFile; fileRef = A122661C2740502700019133 /* NetworkDispatcher.swift */; };
		A122661F2740505200019133 /* NetworkRequestError.swift in Sources */ = {isa = PBXBuildFile; fileRef = A122661E2740505200019133 /* NetworkRequestError.swift */; };
		A12266212740507700019133 /* Request.swift in Sources */ = {isa = PBXBuildFile; fileRef = A12266202740507700019133 /* Request.swift */; };
		A1226623274050BD00019133 /* RequestPublisher.swift in Sources */ = {isa = PBXBuildFile; fileRef = A1226622274050BD00019133 /* RequestPublisher.swift */; };
		A1226625274050DF00019133 /* NetworkingLogger.swift in Sources */ = {isa = PBXBuildFile; fileRef = A1226624274050DF00019133 /* NetworkingLogger.swift */; };
		A1226628274051E700019133 /* URLRequest+extension.swift in Sources */ = {isa = PBXBuildFile; fileRef = A1226627274051E700019133 /* URLRequest+extension.swift */; };
		A1C4DB0E27403DC3006FD5AB /* AppDelegate.swift in Sources */ = {isa = PBXBuildFile; fileRef = A1C4DB0D27403DC3006FD5AB /* AppDelegate.swift */; };
		A1C4DB1027403DC3006FD5AB /* SceneDelegate.swift in Sources */ = {isa = PBXBuildFile; fileRef = A1C4DB0F27403DC3006FD5AB /* SceneDelegate.swift */; };
		A1C4DB1227403DC3006FD5AB /* ViewController.swift in Sources */ = {isa = PBXBuildFile; fileRef = A1C4DB1127403DC3006FD5AB /* ViewController.swift */; };
		A1C4DB1527403DC3006FD5AB /* Main.storyboard in Resources */ = {isa = PBXBuildFile; fileRef = A1C4DB1327403DC3006FD5AB /* Main.storyboard */; };
		A1C4DB1727403DC5006FD5AB /* Assets.xcassets in Resources */ = {isa = PBXBuildFile; fileRef = A1C4DB1627403DC5006FD5AB /* Assets.xcassets */; };
		A1C4DB1A27403DC5006FD5AB /* LaunchScreen.storyboard in Resources */ = {isa = PBXBuildFile; fileRef = A1C4DB1827403DC5006FD5AB /* LaunchScreen.storyboard */; };
		A1C4DB4627404522006FD5AB /* Nimble in Frameworks */ = {isa = PBXBuildFile; productRef = A1C4DB4527404522006FD5AB /* Nimble */; };
		A1C4DB492740456A006FD5AB /* Quick in Frameworks */ = {isa = PBXBuildFile; productRef = A1C4DB482740456A006FD5AB /* Quick */; };
/* End PBXBuildFile section */

/* Begin PBXContainerItemProxy section */
		A12266142740485F00019133 /* PBXContainerItemProxy */ = {
			isa = PBXContainerItemProxy;
			containerPortal = A1C4DB0227403DC3006FD5AB /* Project object */;
			proxyType = 1;
			remoteGlobalIDString = A1C4DB0927403DC3006FD5AB;
			remoteInfo = ForecastFlights;
		};
/* End PBXContainerItemProxy section */

/* Begin PBXFileReference section */
		A12266102740485F00019133 /* ForecastFlightsTests.xctest */ = {isa = PBXFileReference; explicitFileType = wrapper.cfbundle; includeInIndex = 0; path = ForecastFlightsTests.xctest; sourceTree = BUILT_PRODUCTS_DIR; };
		A12266122740485F00019133 /* ForecastFlightsTests.swift */ = {isa = PBXFileReference; lastKnownFileType = sourcecode.swift; path = ForecastFlightsTests.swift; sourceTree = "<group>"; };
		A122661A27404F1300019133 /* APIClient.swift */ = {isa = PBXFileReference; lastKnownFileType = sourcecode.swift; path = APIClient.swift; sourceTree = "<group>"; };
		A122661C2740502700019133 /* NetworkDispatcher.swift */ = {isa = PBXFileReference; lastKnownFileType = sourcecode.swift; path = NetworkDispatcher.swift; sourceTree = "<group>"; };
		A122661E2740505200019133 /* NetworkRequestError.swift */ = {isa = PBXFileReference; lastKnownFileType = sourcecode.swift; path = NetworkRequestError.swift; sourceTree = "<group>"; };
		A12266202740507700019133 /* Request.swift */ = {isa = PBXFileReference; lastKnownFileType = sourcecode.swift; path = Request.swift; sourceTree = "<group>"; };
		A1226622274050BD00019133 /* RequestPublisher.swift */ = {isa = PBXFileReference; lastKnownFileType = sourcecode.swift; path = RequestPublisher.swift; sourceTree = "<group>"; };
		A1226624274050DF00019133 /* NetworkingLogger.swift */ = {isa = PBXFileReference; lastKnownFileType = sourcecode.swift; path = NetworkingLogger.swift; sourceTree = "<group>"; };
		A1226627274051E700019133 /* URLRequest+extension.swift */ = {isa = PBXFileReference; lastKnownFileType = sourcecode.swift; path = "URLRequest+extension.swift"; sourceTree = "<group>"; };
		A1C4DB0A27403DC3006FD5AB /* ForecastFlights.app */ = {isa = PBXFileReference; explicitFileType = wrapper.application; includeInIndex = 0; path = ForecastFlights.app; sourceTree = BUILT_PRODUCTS_DIR; };
		A1C4DB0D27403DC3006FD5AB /* AppDelegate.swift */ = {isa = PBXFileReference; lastKnownFileType = sourcecode.swift; path = AppDelegate.swift; sourceTree = "<group>"; };
		A1C4DB0F27403DC3006FD5AB /* SceneDelegate.swift */ = {isa = PBXFileReference; lastKnownFileType = sourcecode.swift; path = SceneDelegate.swift; sourceTree = "<group>"; };
		A1C4DB1127403DC3006FD5AB /* ViewController.swift */ = {isa = PBXFileReference; lastKnownFileType = sourcecode.swift; path = ViewController.swift; sourceTree = "<group>"; };
		A1C4DB1427403DC3006FD5AB /* Base */ = {isa = PBXFileReference; lastKnownFileType = file.storyboard; name = Base; path = Base.lproj/Main.storyboard; sourceTree = "<group>"; };
		A1C4DB1627403DC5006FD5AB /* Assets.xcassets */ = {isa = PBXFileReference; lastKnownFileType = folder.assetcatalog; path = Assets.xcassets; sourceTree = "<group>"; };
		A1C4DB1927403DC5006FD5AB /* Base */ = {isa = PBXFileReference; lastKnownFileType = file.storyboard; name = Base; path = Base.lproj/LaunchScreen.storyboard; sourceTree = "<group>"; };
		A1C4DB1B27403DC5006FD5AB /* Info.plist */ = {isa = PBXFileReference; lastKnownFileType = text.plist.xml; path = Info.plist; sourceTree = "<group>"; };
/* End PBXFileReference section */

/* Begin PBXFrameworksBuildPhase section */
		A122660D2740485F00019133 /* Frameworks */ = {
			isa = PBXFrameworksBuildPhase;
			buildActionMask = 2147483647;
			files = (
			);
			runOnlyForDeploymentPostprocessing = 0;
		};
		A1C4DB0727403DC3006FD5AB /* Frameworks */ = {
			isa = PBXFrameworksBuildPhase;
			buildActionMask = 2147483647;
			files = (
				A1C4DB492740456A006FD5AB /* Quick in Frameworks */,
				A1C4DB4627404522006FD5AB /* Nimble in Frameworks */,
			);
			runOnlyForDeploymentPostprocessing = 0;
		};
/* End PBXFrameworksBuildPhase section */

/* Begin PBXGroup section */
		A1226607274047A000019133 /* Frameworks */ = {
			isa = PBXGroup;
			children = (
			);
			name = Frameworks;
			sourceTree = "<group>";
		};
		A12266112740485F00019133 /* ForecastFlightsTests */ = {
			isa = PBXGroup;
			children = (
				A12266122740485F00019133 /* ForecastFlightsTests.swift */,
			);
			path = ForecastFlightsTests;
			sourceTree = "<group>";
		};
		A122661927404E5900019133 /* NetworkController */ = {
			isa = PBXGroup;
			children = (
				A122661A27404F1300019133 /* APIClient.swift */,
				A122661C2740502700019133 /* NetworkDispatcher.swift */,
				A122661E2740505200019133 /* NetworkRequestError.swift */,
				A12266202740507700019133 /* Request.swift */,
				A1226622274050BD00019133 /* RequestPublisher.swift */,
				A1226624274050DF00019133 /* NetworkingLogger.swift */,
			);
			path = NetworkController;
			sourceTree = "<group>";
		};
		A1226626274051D400019133 /* Extensions */ = {
			isa = PBXGroup;
			children = (
				A1226627274051E700019133 /* URLRequest+extension.swift */,
			);
			path = Extensions;
			sourceTree = "<group>";
		};
		A1C4DB0127403DC3006FD5AB = {
			isa = PBXGroup;
			children = (
				A1C4DB0C27403DC3006FD5AB /* ForecastFlights */,
				A12266112740485F00019133 /* ForecastFlightsTests */,
				A1C4DB0B27403DC3006FD5AB /* Products */,
				A1226607274047A000019133 /* Frameworks */,
			);
			sourceTree = "<group>";
		};
		A1C4DB0B27403DC3006FD5AB /* Products */ = {
			isa = PBXGroup;
			children = (
				A1C4DB0A27403DC3006FD5AB /* ForecastFlights.app */,
				A12266102740485F00019133 /* ForecastFlightsTests.xctest */,
			);
			name = Products;
			sourceTree = "<group>";
		};
		A1C4DB0C27403DC3006FD5AB /* ForecastFlights */ = {
			isa = PBXGroup;
			children = (
				A1226626274051D400019133 /* Extensions */,
				A1C4DB4027403E4E006FD5AB /* Views */,
				A1C4DB3F27403E41006FD5AB /* ViewModels */,
				A1C4DB3E27403E30006FD5AB /* ViewControllers */,
				A1C4DB3D27403E29006FD5AB /* Model */,
				A1C4DB0D27403DC3006FD5AB /* AppDelegate.swift */,
				A1C4DB0F27403DC3006FD5AB /* SceneDelegate.swift */,
				A1C4DB1627403DC5006FD5AB /* Assets.xcassets */,
				A1C4DB1827403DC5006FD5AB /* LaunchScreen.storyboard */,
				A1C4DB1B27403DC5006FD5AB /* Info.plist */,
			);
			path = ForecastFlights;
			sourceTree = "<group>";
		};
		A1C4DB3D27403E29006FD5AB /* Model */ = {
			isa = PBXGroup;
			children = (
				A122661927404E5900019133 /* NetworkController */,
			);
			path = Model;
			sourceTree = "<group>";
		};
		A1C4DB3E27403E30006FD5AB /* ViewControllers */ = {
			isa = PBXGroup;
			children = (
				A1C4DB1127403DC3006FD5AB /* ViewController.swift */,
			);
			path = ViewControllers;
			sourceTree = "<group>";
		};
		A1C4DB3F27403E41006FD5AB /* ViewModels */ = {
			isa = PBXGroup;
			children = (
			);
			path = ViewModels;
			sourceTree = "<group>";
		};
		A1C4DB4027403E4E006FD5AB /* Views */ = {
			isa = PBXGroup;
			children = (
				A1C4DB1327403DC3006FD5AB /* Main.storyboard */,
			);
			path = Views;
			sourceTree = "<group>";
		};
/* End PBXGroup section */

/* Begin PBXNativeTarget section */
		A122660F2740485F00019133 /* ForecastFlightsTests */ = {
			isa = PBXNativeTarget;
			buildConfigurationList = A12266162740485F00019133 /* Build configuration list for PBXNativeTarget "ForecastFlightsTests" */;
			buildPhases = (
				A122660C2740485F00019133 /* Sources */,
				A122660D2740485F00019133 /* Frameworks */,
				A122660E2740485F00019133 /* Resources */,
			);
			buildRules = (
			);
			dependencies = (
				A12266152740485F00019133 /* PBXTargetDependency */,
			);
			name = ForecastFlightsTests;
			productName = ForecastFlightsTests;
			productReference = A12266102740485F00019133 /* ForecastFlightsTests.xctest */;
			productType = "com.apple.product-type.bundle.unit-test";
		};
		A1C4DB0927403DC3006FD5AB /* ForecastFlights */ = {
			isa = PBXNativeTarget;
			buildConfigurationList = A1C4DB3427403DC5006FD5AB /* Build configuration list for PBXNativeTarget "ForecastFlights" */;
			buildPhases = (
				A1C4DB0627403DC3006FD5AB /* Sources */,
				A1C4DB0727403DC3006FD5AB /* Frameworks */,
				A1C4DB0827403DC3006FD5AB /* Resources */,
				A1C4DB4227403E80006FD5AB /* ShellScript */,
			);
			buildRules = (
			);
			dependencies = (
			);
			name = ForecastFlights;
			packageProductDependencies = (
				A1C4DB4527404522006FD5AB /* Nimble */,
				A1C4DB482740456A006FD5AB /* Quick */,
			);
			productName = ForecastFlights;
			productReference = A1C4DB0A27403DC3006FD5AB /* ForecastFlights.app */;
			productType = "com.apple.product-type.application";
		};
/* End PBXNativeTarget section */

/* Begin PBXProject section */
		A1C4DB0227403DC3006FD5AB /* Project object */ = {
			isa = PBXProject;
			attributes = {
				BuildIndependentTargetsInParallel = 1;
				LastSwiftUpdateCheck = 1310;
				LastUpgradeCheck = 1310;
				TargetAttributes = {
					A122660F2740485F00019133 = {
						CreatedOnToolsVersion = 13.1;
						TestTargetID = A1C4DB0927403DC3006FD5AB;
					};
					A1C4DB0927403DC3006FD5AB = {
						CreatedOnToolsVersion = 13.1;
					};
				};
			};
			buildConfigurationList = A1C4DB0527403DC3006FD5AB /* Build configuration list for PBXProject "ForecastFlights" */;
			compatibilityVersion = "Xcode 13.0";
			developmentRegion = en;
			hasScannedForEncodings = 0;
			knownRegions = (
				en,
				Base,
			);
			mainGroup = A1C4DB0127403DC3006FD5AB;
			packageReferences = (
				A1C4DB4427404522006FD5AB /* XCRemoteSwiftPackageReference "Nimble" */,
				A1C4DB472740456A006FD5AB /* XCRemoteSwiftPackageReference "Quick" */,
			);
			productRefGroup = A1C4DB0B27403DC3006FD5AB /* Products */;
			projectDirPath = "";
			projectRoot = "";
			targets = (
				A1C4DB0927403DC3006FD5AB /* ForecastFlights */,
				A122660F2740485F00019133 /* ForecastFlightsTests */,
			);
		};
/* End PBXProject section */

/* Begin PBXResourcesBuildPhase section */
		A122660E2740485F00019133 /* Resources */ = {
			isa = PBXResourcesBuildPhase;
			buildActionMask = 2147483647;
			files = (
			);
			runOnlyForDeploymentPostprocessing = 0;
		};
		A1C4DB0827403DC3006FD5AB /* Resources */ = {
			isa = PBXResourcesBuildPhase;
			buildActionMask = 2147483647;
			files = (
				A1C4DB1A27403DC5006FD5AB /* LaunchScreen.storyboard in Resources */,
				A1C4DB1727403DC5006FD5AB /* Assets.xcassets in Resources */,
				A1C4DB1527403DC3006FD5AB /* Main.storyboard in Resources */,
			);
			runOnlyForDeploymentPostprocessing = 0;
		};
/* End PBXResourcesBuildPhase section */

/* Begin PBXShellScriptBuildPhase section */
		A1C4DB4227403E80006FD5AB /* ShellScript */ = {
			isa = PBXShellScriptBuildPhase;
			buildActionMask = 2147483647;
			files = (
			);
			inputFileListPaths = (
			);
			inputPaths = (
			);
			outputFileListPaths = (
			);
			outputPaths = (
			);
			runOnlyForDeploymentPostprocessing = 0;
			shellPath = /bin/sh;
			shellScript = "# Type a script or drag a script file from your workspace to insert its path.\n# Adds support for Apple Silicon brew directory\nexport PATH=\"$PATH:/opt/homebrew/bin\"\n\nif which swiftlint; then\n    swiftlint autocorrect && swiftlint\nelse\n  echo \"warning: SwiftLint not installed, download from https://github.com/realm/SwiftLint\"\nfi\n";
		};
/* End PBXShellScriptBuildPhase section */

/* Begin PBXSourcesBuildPhase section */
		A122660C2740485F00019133 /* Sources */ = {
			isa = PBXSourcesBuildPhase;
			buildActionMask = 2147483647;
			files = (
				A12266132740485F00019133 /* ForecastFlightsTests.swift in Sources */,
			);
			runOnlyForDeploymentPostprocessing = 0;
		};
		A1C4DB0627403DC3006FD5AB /* Sources */ = {
			isa = PBXSourcesBuildPhase;
			buildActionMask = 2147483647;
			files = (
				A1226623274050BD00019133 /* RequestPublisher.swift in Sources */,
				A1C4DB1227403DC3006FD5AB /* ViewController.swift in Sources */,
				A1226625274050DF00019133 /* NetworkingLogger.swift in Sources */,
				A1C4DB0E27403DC3006FD5AB /* AppDelegate.swift in Sources */,
				A1C4DB1027403DC3006FD5AB /* SceneDelegate.swift in Sources */,
				A122661D2740502700019133 /* NetworkDispatcher.swift in Sources */,
				A12266212740507700019133 /* Request.swift in Sources */,
				A122661B27404F1300019133 /* APIClient.swift in Sources */,
				A122661F2740505200019133 /* NetworkRequestError.swift in Sources */,
				A1226628274051E700019133 /* URLRequest+extension.swift in Sources */,
			);
			runOnlyForDeploymentPostprocessing = 0;
		};
/* End PBXSourcesBuildPhase section */

/* Begin PBXTargetDependency section */
		A12266152740485F00019133 /* PBXTargetDependency */ = {
			isa = PBXTargetDependency;
			target = A1C4DB0927403DC3006FD5AB /* ForecastFlights */;
			targetProxy = A12266142740485F00019133 /* PBXContainerItemProxy */;
		};
/* End PBXTargetDependency section */

/* Begin PBXVariantGroup section */
		A1C4DB1327403DC3006FD5AB /* Main.storyboard */ = {
			isa = PBXVariantGroup;
			children = (
				A1C4DB1427403DC3006FD5AB /* Base */,
			);
			name = Main.storyboard;
			sourceTree = "<group>";
		};
		A1C4DB1827403DC5006FD5AB /* LaunchScreen.storyboard */ = {
			isa = PBXVariantGroup;
			children = (
				A1C4DB1927403DC5006FD5AB /* Base */,
			);
			name = LaunchScreen.storyboard;
			sourceTree = "<group>";
		};
/* End PBXVariantGroup section */

/* Begin XCBuildConfiguration section */
		A12266172740485F00019133 /* Debug */ = {
			isa = XCBuildConfiguration;
			buildSettings = {
				BUNDLE_LOADER = "$(TEST_HOST)";
				CODE_SIGN_STYLE = Automatic;
				CURRENT_PROJECT_VERSION = 1;
				DEVELOPMENT_TEAM = 5V5PZUN2HG;
				GENERATE_INFOPLIST_FILE = YES;
				LD_RUNPATH_SEARCH_PATHS = (
					"$(inherited)",
					"@executable_path/Frameworks",
					"@loader_path/Frameworks",
				);
				MARKETING_VERSION = 1.0;
				PRODUCT_BUNDLE_IDENTIFIER = learning.ForecastFlightsTests;
				PRODUCT_NAME = "$(TARGET_NAME)";
				SWIFT_EMIT_LOC_STRINGS = NO;
				SWIFT_VERSION = 5.0;
				TARGETED_DEVICE_FAMILY = "1,2";
				TEST_HOST = "$(BUILT_PRODUCTS_DIR)/ForecastFlights.app/ForecastFlights";
			};
			name = Debug;
		};
		A12266182740485F00019133 /* Release */ = {
			isa = XCBuildConfiguration;
			buildSettings = {
				BUNDLE_LOADER = "$(TEST_HOST)";
				CODE_SIGN_STYLE = Automatic;
				CURRENT_PROJECT_VERSION = 1;
				DEVELOPMENT_TEAM = 5V5PZUN2HG;
				GENERATE_INFOPLIST_FILE = YES;
				LD_RUNPATH_SEARCH_PATHS = (
					"$(inherited)",
					"@executable_path/Frameworks",
					"@loader_path/Frameworks",
				);
				MARKETING_VERSION = 1.0;
				PRODUCT_BUNDLE_IDENTIFIER = learning.ForecastFlightsTests;
				PRODUCT_NAME = "$(TARGET_NAME)";
				SWIFT_EMIT_LOC_STRINGS = NO;
				SWIFT_VERSION = 5.0;
				TARGETED_DEVICE_FAMILY = "1,2";
				TEST_HOST = "$(BUILT_PRODUCTS_DIR)/ForecastFlights.app/ForecastFlights";
			};
			name = Release;
		};
		A1C4DB3227403DC5006FD5AB /* Debug */ = {
			isa = XCBuildConfiguration;
			buildSettings = {
				ALWAYS_SEARCH_USER_PATHS = NO;
				CLANG_ANALYZER_NONNULL = YES;
				CLANG_ANALYZER_NUMBER_OBJECT_CONVERSION = YES_AGGRESSIVE;
				CLANG_CXX_LANGUAGE_STANDARD = "gnu++17";
				CLANG_CXX_LIBRARY = "libc++";
				CLANG_ENABLE_MODULES = YES;
				CLANG_ENABLE_OBJC_ARC = YES;
				CLANG_ENABLE_OBJC_WEAK = YES;
				CLANG_WARN_BLOCK_CAPTURE_AUTORELEASING = YES;
				CLANG_WARN_BOOL_CONVERSION = YES;
				CLANG_WARN_COMMA = YES;
				CLANG_WARN_CONSTANT_CONVERSION = YES;
				CLANG_WARN_DEPRECATED_OBJC_IMPLEMENTATIONS = YES;
				CLANG_WARN_DIRECT_OBJC_ISA_USAGE = YES_ERROR;
				CLANG_WARN_DOCUMENTATION_COMMENTS = YES;
				CLANG_WARN_EMPTY_BODY = YES;
				CLANG_WARN_ENUM_CONVERSION = YES;
				CLANG_WARN_INFINITE_RECURSION = YES;
				CLANG_WARN_INT_CONVERSION = YES;
				CLANG_WARN_NON_LITERAL_NULL_CONVERSION = YES;
				CLANG_WARN_OBJC_IMPLICIT_RETAIN_SELF = YES;
				CLANG_WARN_OBJC_LITERAL_CONVERSION = YES;
				CLANG_WARN_OBJC_ROOT_CLASS = YES_ERROR;
				CLANG_WARN_QUOTED_INCLUDE_IN_FRAMEWORK_HEADER = YES;
				CLANG_WARN_RANGE_LOOP_ANALYSIS = YES;
				CLANG_WARN_STRICT_PROTOTYPES = YES;
				CLANG_WARN_SUSPICIOUS_MOVE = YES;
				CLANG_WARN_UNGUARDED_AVAILABILITY = YES_AGGRESSIVE;
				CLANG_WARN_UNREACHABLE_CODE = YES;
				CLANG_WARN__DUPLICATE_METHOD_MATCH = YES;
				COPY_PHASE_STRIP = NO;
				DEBUG_INFORMATION_FORMAT = dwarf;
				ENABLE_STRICT_OBJC_MSGSEND = YES;
				ENABLE_TESTABILITY = YES;
				GCC_C_LANGUAGE_STANDARD = gnu11;
				GCC_DYNAMIC_NO_PIC = NO;
				GCC_NO_COMMON_BLOCKS = YES;
				GCC_OPTIMIZATION_LEVEL = 0;
				GCC_PREPROCESSOR_DEFINITIONS = (
					"DEBUG=1",
					"$(inherited)",
				);
				GCC_WARN_64_TO_32_BIT_CONVERSION = YES;
				GCC_WARN_ABOUT_RETURN_TYPE = YES_ERROR;
				GCC_WARN_UNDECLARED_SELECTOR = YES;
				GCC_WARN_UNINITIALIZED_AUTOS = YES_AGGRESSIVE;
				GCC_WARN_UNUSED_FUNCTION = YES;
				GCC_WARN_UNUSED_VARIABLE = YES;
				IPHONEOS_DEPLOYMENT_TARGET = 15.0;
				MTL_ENABLE_DEBUG_INFO = INCLUDE_SOURCE;
				MTL_FAST_MATH = YES;
				ONLY_ACTIVE_ARCH = YES;
				SDKROOT = iphoneos;
				SWIFT_ACTIVE_COMPILATION_CONDITIONS = DEBUG;
				SWIFT_OPTIMIZATION_LEVEL = "-Onone";
			};
			name = Debug;
		};
		A1C4DB3327403DC5006FD5AB /* Release */ = {
			isa = XCBuildConfiguration;
			buildSettings = {
				ALWAYS_SEARCH_USER_PATHS = NO;
				CLANG_ANALYZER_NONNULL = YES;
				CLANG_ANALYZER_NUMBER_OBJECT_CONVERSION = YES_AGGRESSIVE;
				CLANG_CXX_LANGUAGE_STANDARD = "gnu++17";
				CLANG_CXX_LIBRARY = "libc++";
				CLANG_ENABLE_MODULES = YES;
				CLANG_ENABLE_OBJC_ARC = YES;
				CLANG_ENABLE_OBJC_WEAK = YES;
				CLANG_WARN_BLOCK_CAPTURE_AUTORELEASING = YES;
				CLANG_WARN_BOOL_CONVERSION = YES;
				CLANG_WARN_COMMA = YES;
				CLANG_WARN_CONSTANT_CONVERSION = YES;
				CLANG_WARN_DEPRECATED_OBJC_IMPLEMENTATIONS = YES;
				CLANG_WARN_DIRECT_OBJC_ISA_USAGE = YES_ERROR;
				CLANG_WARN_DOCUMENTATION_COMMENTS = YES;
				CLANG_WARN_EMPTY_BODY = YES;
				CLANG_WARN_ENUM_CONVERSION = YES;
				CLANG_WARN_INFINITE_RECURSION = YES;
				CLANG_WARN_INT_CONVERSION = YES;
				CLANG_WARN_NON_LITERAL_NULL_CONVERSION = YES;
				CLANG_WARN_OBJC_IMPLICIT_RETAIN_SELF = YES;
				CLANG_WARN_OBJC_LITERAL_CONVERSION = YES;
				CLANG_WARN_OBJC_ROOT_CLASS = YES_ERROR;
				CLANG_WARN_QUOTED_INCLUDE_IN_FRAMEWORK_HEADER = YES;
				CLANG_WARN_RANGE_LOOP_ANALYSIS = YES;
				CLANG_WARN_STRICT_PROTOTYPES = YES;
				CLANG_WARN_SUSPICIOUS_MOVE = YES;
				CLANG_WARN_UNGUARDED_AVAILABILITY = YES_AGGRESSIVE;
				CLANG_WARN_UNREACHABLE_CODE = YES;
				CLANG_WARN__DUPLICATE_METHOD_MATCH = YES;
				COPY_PHASE_STRIP = NO;
				DEBUG_INFORMATION_FORMAT = "dwarf-with-dsym";
				ENABLE_NS_ASSERTIONS = NO;
				ENABLE_STRICT_OBJC_MSGSEND = YES;
				GCC_C_LANGUAGE_STANDARD = gnu11;
				GCC_NO_COMMON_BLOCKS = YES;
				GCC_WARN_64_TO_32_BIT_CONVERSION = YES;
				GCC_WARN_ABOUT_RETURN_TYPE = YES_ERROR;
				GCC_WARN_UNDECLARED_SELECTOR = YES;
				GCC_WARN_UNINITIALIZED_AUTOS = YES_AGGRESSIVE;
				GCC_WARN_UNUSED_FUNCTION = YES;
				GCC_WARN_UNUSED_VARIABLE = YES;
				IPHONEOS_DEPLOYMENT_TARGET = 15.0;
				MTL_ENABLE_DEBUG_INFO = NO;
				MTL_FAST_MATH = YES;
				SDKROOT = iphoneos;
				SWIFT_COMPILATION_MODE = wholemodule;
				SWIFT_OPTIMIZATION_LEVEL = "-O";
				VALIDATE_PRODUCT = YES;
			};
			name = Release;
		};
		A1C4DB3527403DC5006FD5AB /* Debug */ = {
			isa = XCBuildConfiguration;
			buildSettings = {
				ASSETCATALOG_COMPILER_APPICON_NAME = AppIcon;
				ASSETCATALOG_COMPILER_GLOBAL_ACCENT_COLOR_NAME = AccentColor;
				CODE_SIGN_STYLE = Automatic;
				CURRENT_PROJECT_VERSION = 1;
				DEVELOPMENT_TEAM = 5V5PZUN2HG;
				ENABLE_TESTING_SEARCH_PATHS = YES;
				GENERATE_INFOPLIST_FILE = YES;
				INFOPLIST_FILE = ForecastFlights/Info.plist;
				INFOPLIST_KEY_UIApplicationSupportsIndirectInputEvents = YES;
				INFOPLIST_KEY_UILaunchStoryboardName = LaunchScreen;
				INFOPLIST_KEY_UIMainStoryboardFile = Main;
				INFOPLIST_KEY_UISupportedInterfaceOrientations = UIInterfaceOrientationPortrait;
				INFOPLIST_KEY_UISupportedInterfaceOrientations_iPad = "UIInterfaceOrientationPortrait UIInterfaceOrientationPortraitUpsideDown UIInterfaceOrientationLandscapeLeft UIInterfaceOrientationLandscapeRight";
				INFOPLIST_KEY_UISupportedInterfaceOrientations_iPhone = "UIInterfaceOrientationPortrait UIInterfaceOrientationLandscapeLeft UIInterfaceOrientationLandscapeRight";
				LD_RUNPATH_SEARCH_PATHS = (
					"$(inherited)",
					"@executable_path/Frameworks",
				);
				MARKETING_VERSION = 1.0;
				PRODUCT_BUNDLE_IDENTIFIER = learning.ForecastFlights;
				PRODUCT_NAME = "$(TARGET_NAME)";
				SWIFT_EMIT_LOC_STRINGS = YES;
				SWIFT_VERSION = 5.0;
				TARGETED_DEVICE_FAMILY = "1,2";
			};
			name = Debug;
		};
		A1C4DB3627403DC5006FD5AB /* Release */ = {
			isa = XCBuildConfiguration;
			buildSettings = {
				ASSETCATALOG_COMPILER_APPICON_NAME = AppIcon;
				ASSETCATALOG_COMPILER_GLOBAL_ACCENT_COLOR_NAME = AccentColor;
				CODE_SIGN_STYLE = Automatic;
				CURRENT_PROJECT_VERSION = 1;
				DEVELOPMENT_TEAM = 5V5PZUN2HG;
				ENABLE_TESTING_SEARCH_PATHS = YES;
				GENERATE_INFOPLIST_FILE = YES;
				INFOPLIST_FILE = ForecastFlights/Info.plist;
				INFOPLIST_KEY_UIApplicationSupportsIndirectInputEvents = YES;
				INFOPLIST_KEY_UILaunchStoryboardName = LaunchScreen;
				INFOPLIST_KEY_UIMainStoryboardFile = Main;
				INFOPLIST_KEY_UISupportedInterfaceOrientations = UIInterfaceOrientationPortrait;
				INFOPLIST_KEY_UISupportedInterfaceOrientations_iPad = "UIInterfaceOrientationPortrait UIInterfaceOrientationPortraitUpsideDown UIInterfaceOrientationLandscapeLeft UIInterfaceOrientationLandscapeRight";
				INFOPLIST_KEY_UISupportedInterfaceOrientations_iPhone = "UIInterfaceOrientationPortrait UIInterfaceOrientationLandscapeLeft UIInterfaceOrientationLandscapeRight";
				LD_RUNPATH_SEARCH_PATHS = (
					"$(inherited)",
					"@executable_path/Frameworks",
				);
				MARKETING_VERSION = 1.0;
				PRODUCT_BUNDLE_IDENTIFIER = learning.ForecastFlights;
				PRODUCT_NAME = "$(TARGET_NAME)";
				SWIFT_EMIT_LOC_STRINGS = YES;
				SWIFT_VERSION = 5.0;
				TARGETED_DEVICE_FAMILY = "1,2";
			};
			name = Release;
		};
/* End XCBuildConfiguration section */

/* Begin XCConfigurationList section */
		A12266162740485F00019133 /* Build configuration list for PBXNativeTarget "ForecastFlightsTests" */ = {
			isa = XCConfigurationList;
			buildConfigurations = (
				A12266172740485F00019133 /* Debug */,
				A12266182740485F00019133 /* Release */,
			);
			defaultConfigurationIsVisible = 0;
			defaultConfigurationName = Release;
		};
		A1C4DB0527403DC3006FD5AB /* Build configuration list for PBXProject "ForecastFlights" */ = {
			isa = XCConfigurationList;
			buildConfigurations = (
				A1C4DB3227403DC5006FD5AB /* Debug */,
				A1C4DB3327403DC5006FD5AB /* Release */,
			);
			defaultConfigurationIsVisible = 0;
			defaultConfigurationName = Release;
		};
		A1C4DB3427403DC5006FD5AB /* Build configuration list for PBXNativeTarget "ForecastFlights" */ = {
			isa = XCConfigurationList;
			buildConfigurations = (
				A1C4DB3527403DC5006FD5AB /* Debug */,
				A1C4DB3627403DC5006FD5AB /* Release */,
			);
			defaultConfigurationIsVisible = 0;
			defaultConfigurationName = Release;
		};
/* End XCConfigurationList section */

/* Begin XCRemoteSwiftPackageReference section */
		A1C4DB4427404522006FD5AB /* XCRemoteSwiftPackageReference "Nimble" */ = {
			isa = XCRemoteSwiftPackageReference;
			repositoryURL = "https://github.com/Quick/Nimble.git";
			requirement = {
				kind = upToNextMajorVersion;
				minimumVersion = 9.0.0;
			};
		};
		A1C4DB472740456A006FD5AB /* XCRemoteSwiftPackageReference "Quick" */ = {
			isa = XCRemoteSwiftPackageReference;
			repositoryURL = "https://github.com/Quick/Quick.git";
			requirement = {
				kind = upToNextMajorVersion;
				minimumVersion = 4.0.0;
			};
		};
/* End XCRemoteSwiftPackageReference section */

/* Begin XCSwiftPackageProductDependency section */
		A1C4DB4527404522006FD5AB /* Nimble */ = {
			isa = XCSwiftPackageProductDependency;
			package = A1C4DB4427404522006FD5AB /* XCRemoteSwiftPackageReference "Nimble" */;
			productName = Nimble;
		};
		A1C4DB482740456A006FD5AB /* Quick */ = {
			isa = XCSwiftPackageProductDependency;
			package = A1C4DB472740456A006FD5AB /* XCRemoteSwiftPackageReference "Quick" */;
			productName = Quick;
		};
/* End XCSwiftPackageProductDependency section */
	};
	rootObject = A1C4DB0227403DC3006FD5AB /* Project object */;
}
